{
  "version": 4,
  "terraform_version": "1.3.9",
  "serial": 1,
  "lineage": "f2d3c4b0-4dc9-1bd8-d743-13bdb692312f",
  "outputs": {},
  "resources": [
    {
      "mode": "managed",
      "type": "aws_vpc",
      "name": "femivpc",
      "provider": "provider[\"registry.terraform.io/hashicorp/aws\"]",
      "instances": [
        {
          "schema_version": 1,
          "attributes": {
            "arn": "arn:aws:ec2:us-east-1:955033591310:vpc/vpc-0dd3cfe17cad8761a",
            "assign_generated_ipv6_cidr_block": false,
            "cidr_block": "10.0.0.0/16",
            "default_network_acl_id": "acl-0da201017cbb7629e",
            "default_route_table_id": "rtb-013305a1c2816b924",
            "default_security_group_id": "sg-0b8a59a8809b5a36f",
            "dhcp_options_id": "dopt-0fe0f55320ba365d2",
            "enable_classiclink": false,
            "enable_classiclink_dns_support": false,
            "enable_dns_hostnames": false,
            "enable_dns_support": true,
            "enable_network_address_usage_metrics": false,
            "id": "vpc-0dd3cfe17cad8761a",
            "instance_tenancy": "default",
            "ipv4_ipam_pool_id": null,
            "ipv4_netmask_length": null,
            "ipv6_association_id": "",
            "ipv6_cidr_block": "",
            "ipv6_cidr_block_network_border_group": "",
            "ipv6_ipam_pool_id": "",
            "ipv6_netmask_length": 0,
            "main_route_table_id": "rtb-013305a1c2816b924",
            "owner_id": "955033591310",
            "tags": {
              "Name": "FmTr"
            },
            "tags_all": {
              "Name": "FmTr"
            }
          },
          "sensitive_attributes": [],
          "private": "eyJzY2hlbWFfdmVyc2lvbiI6IjEifQ=="
        }
      ]
    }
  ],
  "check_results": null
}
